
Microsoft Visual Studio Solution File, Format Version 12.00
# Visual Studio Version 16
VisualStudioVersion = 16.0.30804.86
MinimumVisualStudioVersion = 10.0.40219.1
Project("{FAE04EC0-301F-11D3-BF4B-00C04F79EFBC}") = "ScheduleDatabaseClassLibrary", "ScheduleDatabaseClassLibrary\ScheduleDatabaseClassLibrary.csproj", "{A1D557B1-9B6C-4F32-AB81-D14F80CD7A5F}"
EndProject
Project("{FAE04EC0-301F-11D3-BF4B-00C04F79EFBC}") = "Schedule_Database_Desktop_Version", "Schedule Database Desktop Version\Schedule_Database_Desktop_Version.csproj", "{EF4480C9-A091-4870-943C-7BBAB8F1C196}"
EndProject
Global
	GlobalSection(SolutionConfigurationPlatforms) = preSolution
		Debug|Any CPU = Debug|Any CPU
		Release|Any CPU = Release|Any CPU
	EndGlobalSection
	GlobalSection(ProjectConfigurationPlatforms) = postSolution
		{A1D557B1-9B6C-4F32-AB81-D14F80CD7A5F}.Debug|Any CPU.ActiveCfg = Debug|Any CPU
		{A1D557B1-9B6C-4F32-AB81-D14F80CD7A5F}.Debug|Any CPU.Build.0 = Debug|Any CPU
		{A1D557B1-9B6C-4F32-AB81-D14F80CD7A5F}.Release|Any CPU.ActiveCfg = Release|Any CPU
		{A1D557B1-9B6C-4F32-AB81-D14F80CD7A5F}.Release|Any CPU.Build.0 = Release|Any CPU
		{EF4480C9-A091-4870-943C-7BBAB8F1C196}.Debug|Any CPU.ActiveCfg = Debug|Any CPU
		{EF4480C9-A091-4870-943C-7BBAB8F1C196}.Debug|Any CPU.Build.0 = Debug|Any CPU
		{EF4480C9-A091-4870-943C-7BBAB8F1C196}.Release|Any CPU.ActiveCfg = Release|Any CPU
		{EF4480C9-A091-4870-943C-7BBAB8F1C196}.Release|Any CPU.Build.0 = Release|Any CPU
	EndGlobalSection
	GlobalSection(SolutionProperties) = preSolution
		HideSolutionNode = FALSE
	EndGlobalSection
	GlobalSection(ExtensibilityGlobals) = postSolution
		SolutionGuid = {FAF3F49B-8B0D-483D-9BE1-6DE4108F6F65}
	EndGlobalSection
EndGlobal
